{
  "R": {
    "Version": "4.5.1",
    "Repositories": [
      {
        "Name": "CRAN",
        "URL": "10.0.0.18:4242/cran/latest"
      }
    ]
  },
  "Packages": {
    "fs": {
      "Package": "fs",
      "Version": "1.6.6",
      "Source": "Repository",
      "Title": "Cross-Platform File System Operations Based on 'libuv'",
      "Authors@R": "c( person(\"Jim\", \"Hester\", role = \"aut\"), person(\"Hadley\", \"Wickham\", , \"hadley@posit.co\", role = \"aut\"), person(\"Gábor\", \"Csárdi\", , \"csardi.gabor@gmail.com\", role = c(\"aut\", \"cre\")), person(\"libuv project contributors\", role = \"cph\", comment = \"libuv library\"), person(\"Joyent, Inc. and other Node contributors\", role = \"cph\", comment = \"libuv library\"), person(\"Posit Software, PBC\", role = c(\"cph\", \"fnd\")) )",
      "Description": "A cross-platform interface to file system operations, built on top of the 'libuv' C library.",
      "License": "MIT + file LICENSE",
      "URL": "https://fs.r-lib.org, https://github.com/r-lib/fs",
      "BugReports": "https://github.com/r-lib/fs/issues",
      "Depends": [
        "R (>= 3.6)"
      ],
      "Imports": [
        "methods"
      ],
      "Suggests": [
        "covr",
        "crayon",
        "knitr",
        "pillar (>= 1.0.0)",
        "rmarkdown",
        "spelling",
        "testthat (>= 3.0.0)",
        "tibble (>= 1.1.0)",
        "vctrs (>= 0.3.0)",
        "withr"
      ],
      "VignetteBuilder": "knitr",
      "ByteCompile": "true",
      "Config/Needs/website": "tidyverse/tidytemplate",
      "Config/testthat/edition": "3",
      "Copyright": "file COPYRIGHTS",
      "Encoding": "UTF-8",
      "Language": "en-US",
      "RoxygenNote": "7.2.3",
      "SystemRequirements": "GNU make",
      "NeedsCompilation": "yes",
      "Author": "Jim Hester [aut], Hadley Wickham [aut], Gábor Csárdi [aut, cre], libuv project contributors [cph] (libuv library), Joyent, Inc. and other Node contributors [cph] (libuv library), Posit Software, PBC [cph, fnd]",
      "Maintainer": "Gábor Csárdi <csardi.gabor@gmail.com>",
      "Repository": "CRAN"
    },
    "jsonencryptor": {
      "Package": "jsonencryptor",
      "Version": "0.1.4",
      "Source": "Repository",
      "Type": "Package",
      "Title": "Secure Encryption of json service token keys",
      "Authors@R": "person(\"Francesca\", \"Bryden\", , \"francesca.bryden@dft.gov.uk\", role = c(\"aut\", \"cre\"))",
      "Description": "Uses the sodium package to encrypt json keys for use locally and in rsconnect.",
      "License": "MIT + file LICENSE",
      "Depends": [
        "sodium",
        "fs"
      ],
      "Encoding": "UTF-8",
      "RoxygenNote": "7.3.2",
      "URL": "https://department-for-transport-public.github.io/jsonencryptor/",
      "Suggests": [
        "knitr",
        "rmarkdown"
      ],
      "VignetteBuilder": "knitr",
      "Repository": "RSPM",
      "RemoteSha": "5f677801bfc79c4f07c85fa82ba73d1aa6c97f2d",
      "Date": "2025-07-14",
      "NeedsCompilation": "no",
      "Author": "Francesca Bryden [aut, cre]",
      "Maintainer": "Francesca Bryden <francesca.bryden@dft.gov.uk>"
    },
    "renv": {
      "Package": "renv",
      "Version": "1.1.5",
      "Source": "Repository",
      "Type": "Package",
      "Title": "Project Environments",
      "Authors@R": "c( person(\"Kevin\", \"Ushey\", role = c(\"aut\", \"cre\"), email = \"kevin@rstudio.com\", comment = c(ORCID = \"0000-0003-2880-7407\")), person(\"Hadley\", \"Wickham\", role = c(\"aut\"), email = \"hadley@rstudio.com\", comment = c(ORCID = \"0000-0003-4757-117X\")), person(\"Posit Software, PBC\", role = c(\"cph\", \"fnd\")) )",
      "Description": "A dependency management toolkit for R. Using 'renv', you can create and manage project-local R libraries, save the state of these libraries to a 'lockfile', and later restore your library as required. Together, these tools can help make your projects more isolated, portable, and reproducible.",
      "License": "MIT + file LICENSE",
      "URL": "https://rstudio.github.io/renv/, https://github.com/rstudio/renv",
      "BugReports": "https://github.com/rstudio/renv/issues",
      "Imports": [
        "utils"
      ],
      "Suggests": [
        "BiocManager",
        "cli",
        "compiler",
        "covr",
        "cpp11",
        "devtools",
        "generics",
        "gitcreds",
        "jsonlite",
        "jsonvalidate",
        "knitr",
        "miniUI",
        "modules",
        "packrat",
        "pak",
        "R6",
        "remotes",
        "reticulate",
        "rmarkdown",
        "rstudioapi",
        "shiny",
        "testthat",
        "uuid",
        "waldo",
        "yaml",
        "webfakes"
      ],
      "Encoding": "UTF-8",
      "RoxygenNote": "7.3.2",
      "VignetteBuilder": "knitr",
      "Config/Needs/website": "tidyverse/tidytemplate",
      "Config/testthat/edition": "3",
      "Config/testthat/parallel": "true",
      "Config/testthat/start-first": "bioconductor,python,install,restore,snapshot,retrieve,remotes",
      "NeedsCompilation": "no",
      "Author": "Kevin Ushey [aut, cre] (ORCID: <https://orcid.org/0000-0003-2880-7407>), Hadley Wickham [aut] (ORCID: <https://orcid.org/0000-0003-4757-117X>), Posit Software, PBC [cph, fnd]",
      "Maintainer": "Kevin Ushey <kevin@rstudio.com>",
      "Repository": "RSPM"
    },
    "sodium": {
      "Package": "sodium",
      "Version": "1.4.0",
      "Source": "Repository",
      "Type": "Package",
      "Title": "A Modern and Easy-to-Use Crypto Library",
      "Authors@R": "person(\"Jeroen\", \"Ooms\", role = c(\"aut\", \"cre\"), email = \"jeroenooms@gmail.com\", comment = c(ORCID = \"0000-0002-4035-0289\"))",
      "Description": "Bindings to 'libsodium' <https://doc.libsodium.org/>: a modern,  easy-to-use software library for encryption, decryption, signatures, password hashing and more. Sodium uses curve25519, a state-of-the-art Diffie-Hellman  function by Daniel Bernstein, which has become very popular after it was  discovered that the NSA had backdoored Dual EC DRBG.",
      "License": "MIT + file LICENSE",
      "URL": "https://docs.ropensci.org/sodium/ https://github.com/r-lib/sodium",
      "BugReports": "https://github.com/r-lib/sodium/issues",
      "SystemRequirements": "libsodium (>= 1.0.3)",
      "VignetteBuilder": "knitr",
      "Suggests": [
        "knitr",
        "rmarkdown"
      ],
      "RoxygenNote": "7.2.3",
      "NeedsCompilation": "yes",
      "Author": "Jeroen Ooms [aut, cre] (<https://orcid.org/0000-0002-4035-0289>)",
      "Maintainer": "Jeroen Ooms <jeroenooms@gmail.com>",
      "Repository": "CRAN",
      "Encoding": "UTF-8"
    }
  }
}
